// !$*UTF8*$!
{
	archiveVersion = 1;
	classes = {
	};
	objectVersion = 50;
	objects = {

/* Begin PBXBuildFile section */
		26F88A452266285700549C30 /* AppDelegate.swift in Sources */ = {isa = PBXBuildFile; fileRef = 26F88A442266285700549C30 /* AppDelegate.swift */; };
		26F88A4C2266285900549C30 /* Assets.xcassets in Resources */ = {isa = PBXBuildFile; fileRef = 26F88A4B2266285900549C30 /* Assets.xcassets */; };
		26F88A4F2266285900549C30 /* LaunchScreen.storyboard in Resources */ = {isa = PBXBuildFile; fileRef = 26F88A4D2266285900549C30 /* LaunchScreen.storyboard */; };
		26F88A61226629CF00549C30 /* HyperLabel.framework in Frameworks */ = {isa = PBXBuildFile; fileRef = 26F88A5C226629BE00549C30 /* HyperLabel.framework */; };
		26F88A62226629CF00549C30 /* HyperLabel.framework in Embed Frameworks */ = {isa = PBXBuildFile; fileRef = 26F88A5C226629BE00549C30 /* HyperLabel.framework */; settings = {ATTRIBUTES = (CodeSignOnCopy, RemoveHeadersOnCopy, ); }; };
		26F88A6722662B6C00549C30 /* ExampleListViewController.swift in Sources */ = {isa = PBXBuildFile; fileRef = 26F88A6622662B6C00549C30 /* ExampleListViewController.swift */; };
		26F88A6922662DC600549C30 /* LabelExample.swift in Sources */ = {isa = PBXBuildFile; fileRef = 26F88A6822662DC600549C30 /* LabelExample.swift */; };
		26F88A6B22662EA100549C30 /* DemoViewController.swift in Sources */ = {isa = PBXBuildFile; fileRef = 26F88A6A22662EA100549C30 /* DemoViewController.swift */; };
/* End PBXBuildFile section */

/* Begin PBXContainerItemProxy section */
		26F88A5B226629BE00549C30 /* PBXContainerItemProxy */ = {
			isa = PBXContainerItemProxy;
			containerPortal = 26F88A56226629BE00549C30 /* HyperLabel.xcodeproj */;
			proxyType = 2;
			remoteGlobalIDString = 268F29992260E83A004E97D6;
			remoteInfo = HyperLabel;
		};
		26F88A5D226629BE00549C30 /* PBXContainerItemProxy */ = {
			isa = PBXContainerItemProxy;
			containerPortal = 26F88A56226629BE00549C30 /* HyperLabel.xcodeproj */;
			proxyType = 2;
			remoteGlobalIDString = 268F29A22260E83A004E97D6;
			remoteInfo = HyperLabelTests;
		};
		26F88A5F226629C500549C30 /* PBXContainerItemProxy */ = {
			isa = PBXContainerItemProxy;
			containerPortal = 26F88A56226629BE00549C30 /* HyperLabel.xcodeproj */;
			proxyType = 1;
			remoteGlobalIDString = 268F29982260E83A004E97D6;
			remoteInfo = HyperLabel;
		};
		26F88A63226629CF00549C30 /* PBXContainerItemProxy */ = {
			isa = PBXContainerItemProxy;
			containerPortal = 26F88A56226629BE00549C30 /* HyperLabel.xcodeproj */;
			proxyType = 1;
			remoteGlobalIDString = 268F29982260E83A004E97D6;
			remoteInfo = HyperLabel;
		};
/* End PBXContainerItemProxy section */

/* Begin PBXCopyFilesBuildPhase section */
		26F88A65226629CF00549C30 /* Embed Frameworks */ = {
			isa = PBXCopyFilesBuildPhase;
			buildActionMask = 2147483647;
			dstPath = "";
			dstSubfolderSpec = 10;
			files = (
				26F88A62226629CF00549C30 /* HyperLabel.framework in Embed Frameworks */,
			);
			name = "Embed Frameworks";
			runOnlyForDeploymentPostprocessing = 0;
		};
/* End PBXCopyFilesBuildPhase section */

/* Begin PBXFileReference section */
		26F88A412266285700549C30 /* HyperLabelDemo.app */ = {isa = PBXFileReference; explicitFileType = wrapper.application; includeInIndex = 0; path = HyperLabelDemo.app; sourceTree = BUILT_PRODUCTS_DIR; };
		26F88A442266285700549C30 /* AppDelegate.swift */ = {isa = PBXFileReference; lastKnownFileType = sourcecode.swift; path = AppDelegate.swift; sourceTree = "<group>"; };
		26F88A4B2266285900549C30 /* Assets.xcassets */ = {isa = PBXFileReference; lastKnownFileType = folder.assetcatalog; path = Assets.xcassets; sourceTree = "<group>"; };
		26F88A4E2266285900549C30 /* Base */ = {isa = PBXFileReference; lastKnownFileType = file.storyboard; name = Base; path = Base.lproj/LaunchScreen.storyboard; sourceTree = "<group>"; };
		26F88A502266285900549C30 /* Info.plist */ = {isa = PBXFileReference; lastKnownFileType = text.plist.xml; path = Info.plist; sourceTree = "<group>"; };
		26F88A56226629BE00549C30 /* HyperLabel.xcodeproj */ = {isa = PBXFileReference; lastKnownFileType = "wrapper.pb-project"; name = HyperLabel.xcodeproj; path = ../HyperLabel.xcodeproj; sourceTree = "<group>"; };
		26F88A6622662B6C00549C30 /* ExampleListViewController.swift */ = {isa = PBXFileReference; lastKnownFileType = sourcecode.swift; path = ExampleListViewController.swift; sourceTree = "<group>"; };
		26F88A6822662DC600549C30 /* LabelExample.swift */ = {isa = PBXFileReference; lastKnownFileType = sourcecode.swift; path = LabelExample.swift; sourceTree = "<group>"; };
		26F88A6A22662EA100549C30 /* DemoViewController.swift */ = {isa = PBXFileReference; lastKnownFileType = sourcecode.swift; path = DemoViewController.swift; sourceTree = "<group>"; };
/* End PBXFileReference section */

/* Begin PBXFrameworksBuildPhase section */
		26F88A3E2266285700549C30 /* Frameworks */ = {
			isa = PBXFrameworksBuildPhase;
			buildActionMask = 2147483647;
			files = (
				26F88A61226629CF00549C30 /* HyperLabel.framework in Frameworks */,
			);
			runOnlyForDeploymentPostprocessing = 0;
		};
/* End PBXFrameworksBuildPhase section */

/* Begin PBXGroup section */
		26F88A382266285700549C30 = {
			isa = PBXGroup;
			children = (
				26F88A56226629BE00549C30 /* HyperLabel.xcodeproj */,
				26F88A432266285700549C30 /* HyperLabelDemo */,
				26F88A422266285700549C30 /* Products */,
			);
			sourceTree = "<group>";
		};
		26F88A422266285700549C30 /* Products */ = {
			isa = PBXGroup;
			children = (
				26F88A412266285700549C30 /* HyperLabelDemo.app */,
			);
			name = Products;
			sourceTree = "<group>";
		};
		26F88A432266285700549C30 /* HyperLabelDemo */ = {
			isa = PBXGroup;
			children = (
				26F88A442266285700549C30 /* AppDelegate.swift */,
				26F88A6622662B6C00549C30 /* ExampleListViewController.swift */,
				26F88A6A22662EA100549C30 /* DemoViewController.swift */,
				26F88A6822662DC600549C30 /* LabelExample.swift */,
				26F88A4B2266285900549C30 /* Assets.xcassets */,
				26F88A4D2266285900549C30 /* LaunchScreen.storyboard */,
				26F88A502266285900549C30 /* Info.plist */,
			);
			path = HyperLabelDemo;
			sourceTree = "<group>";
		};
		26F88A57226629BE00549C30 /* Products */ = {
			isa = PBXGroup;
			children = (
				26F88A5C226629BE00549C30 /* HyperLabel.framework */,
				26F88A5E226629BE00549C30 /* HyperLabelTests.xctest */,
			);
			name = Products;
			sourceTree = "<group>";
		};
/* End PBXGroup section */

/* Begin PBXNativeTarget section */
		26F88A402266285700549C30 /* HyperLabelDemo */ = {
			isa = PBXNativeTarget;
			buildConfigurationList = 26F88A532266285900549C30 /* Build configuration list for PBXNativeTarget "HyperLabelDemo" */;
			buildPhases = (
				26F88A3D2266285700549C30 /* Sources */,
				26F88A3E2266285700549C30 /* Frameworks */,
				26F88A3F2266285700549C30 /* Resources */,
				26F88A65226629CF00549C30 /* Embed Frameworks */,
			);
			buildRules = (
			);
			dependencies = (
				26F88A60226629C500549C30 /* PBXTargetDependency */,
				26F88A64226629CF00549C30 /* PBXTargetDependency */,
			);
			name = HyperLabelDemo;
			productName = HyperLabelDemo;
			productReference = 26F88A412266285700549C30 /* HyperLabelDemo.app */;
			productType = "com.apple.product-type.application";
		};
/* End PBXNativeTarget section */

/* Begin PBXProject section */
		26F88A392266285700549C30 /* Project object */ = {
			isa = PBXProject;
			attributes = {
				LastSwiftUpdateCheck = 1010;
				LastUpgradeCheck = 1010;
				ORGANIZATIONNAME = Badoo;
				TargetAttributes = {
					26F88A402266285700549C30 = {
						CreatedOnToolsVersion = 10.1;
					};
				};
			};
			buildConfigurationList = 26F88A3C2266285700549C30 /* Build configuration list for PBXProject "HyperLabelDemo" */;
			compatibilityVersion = "Xcode 9.3";
			developmentRegion = en;
			hasScannedForEncodings = 0;
			knownRegions = (
				en,
				Base,
			);
			mainGroup = 26F88A382266285700549C30;
			productRefGroup = 26F88A422266285700549C30 /* Products */;
			projectDirPath = "";
			projectReferences = (
				{
					ProductGroup = 26F88A57226629BE00549C30 /* Products */;
					ProjectRef = 26F88A56226629BE00549C30 /* HyperLabel.xcodeproj */;
				},
			);
			projectRoot = "";
			targets = (
				26F88A402266285700549C30 /* HyperLabelDemo */,
			);
		};
/* End PBXProject section */

/* Begin PBXReferenceProxy section */
		26F88A5C226629BE00549C30 /* HyperLabel.framework */ = {
			isa = PBXReferenceProxy;
			fileType = wrapper.framework;
			path = HyperLabel.framework;
			remoteRef = 26F88A5B226629BE00549C30 /* PBXContainerItemProxy */;
			sourceTree = BUILT_PRODUCTS_DIR;
		};
		26F88A5E226629BE00549C30 /* HyperLabelTests.xctest */ = {
			isa = PBXReferenceProxy;
			fileType = wrapper.cfbundle;
			path = HyperLabelTests.xctest;
			remoteRef = 26F88A5D226629BE00549C30 /* PBXContainerItemProxy */;
			sourceTree = BUILT_PRODUCTS_DIR;
		};
/* End PBXReferenceProxy section */

/* Begin PBXResourcesBuildPhase section */
		26F88A3F2266285700549C30 /* Resources */ = {
			isa = PBXResourcesBuildPhase;
			buildActionMask = 2147483647;
			files = (
				26F88A4F2266285900549C30 /* LaunchScreen.storyboard in Resources */,
				26F88A4C2266285900549C30 /* Assets.xcassets in Resources */,
			);
			runOnlyForDeploymentPostprocessing = 0;
		};
/* End PBXResourcesBuildPhase section */

/* Begin PBXSourcesBuildPhase section */
		26F88A3D2266285700549C30 /* Sources */ = {
			isa = PBXSourcesBuildPhase;
			buildActionMask = 2147483647;
			files = (
				26F88A452266285700549C30 /* AppDelegate.swift in Sources */,
				26F88A6922662DC600549C30 /* LabelExample.swift in Sources */,
				26F88A6722662B6C00549C30 /* ExampleListViewController.swift in Sources */,
				26F88A6B22662EA100549C30 /* DemoViewController.swift in Sources */,
			);
			runOnlyForDeploymentPostprocessing = 0;
		};
/* End PBXSourcesBuildPhase section */

/* Begin PBXTargetDependency section */
		26F88A60226629C500549C30 /* PBXTargetDependency */ = {
			isa = PBXTargetDependency;
			name = HyperLabel;
			targetProxy = 26F88A5F226629C500549C30 /* PBXContainerItemProxy */;
		};
		26F88A64226629CF00549C30 /* PBXTargetDependency */ = {
			isa = PBXTargetDependency;
			name = HyperLabel;
			targetProxy = 26F88A63226629CF00549C30 /* PBXContainerItemProxy */;
		};
/* End PBXTargetDependency section */

/* Begin PBXVariantGroup section */
		26F88A4D2266285900549C30 /* LaunchScreen.storyboard */ = {
			isa = PBXVariantGroup;
			children = (
				26F88A4E2266285900549C30 /* Base */,
			);
			name = LaunchScreen.storyboard;
			sourceTree = "<group>";
		};
/* End PBXVariantGroup section */

/* Begin XCBuildConfiguration section */
		26F88A512266285900549C30 /* Debug */ = {
			isa = XCBuildConfiguration;
			buildSettings = {
				ALWAYS_SEARCH_USER_PATHS = NO;
				CLANG_ANALYZER_NONNULL = YES;
				CLANG_ANALYZER_NUMBER_OBJECT_CONVERSION = YES_AGGRESSIVE;
				CLANG_CXX_LANGUAGE_STANDARD = "gnu++14";
				CLANG_CXX_LIBRARY = "libc++";
				CLANG_ENABLE_MODULES = YES;
				CLANG_ENABLE_OBJC_ARC = YES;
				CLANG_ENABLE_OBJC_WEAK = YES;
				CLANG_WARN_BLOCK_CAPTURE_AUTORELEASING = YES;
				CLANG_WARN_BOOL_CONVERSION = YES;
				CLANG_WARN_COMMA = YES;
				CLANG_WARN_CONSTANT_CONVERSION = YES;
				CLANG_WARN_DEPRECATED_OBJC_IMPLEMENTATIONS = YES;
				CLANG_WARN_DIRECT_OBJC_ISA_USAGE = YES_ERROR;
				CLANG_WARN_DOCUMENTATION_COMMENTS = YES;
				CLANG_WARN_EMPTY_BODY = YES;
				CLANG_WARN_ENUM_CONVERSION = YES;
				CLANG_WARN_INFINITE_RECURSION = YES;
				CLANG_WARN_INT_CONVERSION = YES;
				CLANG_WARN_NON_LITERAL_NULL_CONVERSION = YES;
				CLANG_WARN_OBJC_IMPLICIT_RETAIN_SELF = YES;
				CLANG_WARN_OBJC_LITERAL_CONVERSION = YES;
				CLANG_WARN_OBJC_ROOT_CLASS = YES_ERROR;
				CLANG_WARN_RANGE_LOOP_ANALYSIS = YES;
				CLANG_WARN_STRICT_PROTOTYPES = YES;
				CLANG_WARN_SUSPICIOUS_MOVE = YES;
				CLANG_WARN_UNGUARDED_AVAILABILITY = YES_AGGRESSIVE;
				CLANG_WARN_UNREACHABLE_CODE = YES;
				CLANG_WARN__DUPLICATE_METHOD_MATCH = YES;
				CODE_SIGN_IDENTITY = "iPhone Developer";
				COPY_PHASE_STRIP = NO;
				DEBUG_INFORMATION_FORMAT = dwarf;
				ENABLE_STRICT_OBJC_MSGSEND = YES;
				ENABLE_TESTABILITY = YES;
				GCC_C_LANGUAGE_STANDARD = gnu11;
				GCC_DYNAMIC_NO_PIC = NO;
				GCC_NO_COMMON_BLOCKS = YES;
				GCC_OPTIMIZATION_LEVEL = 0;
				GCC_PREPROCESSOR_DEFINITIONS = (
					"DEBUG=1",
					"$(inherited)",
				);
				GCC_WARN_64_TO_32_BIT_CONVERSION = YES;
				GCC_WARN_ABOUT_RETURN_TYPE = YES_ERROR;
				GCC_WARN_UNDECLARED_SELECTOR = YES;
				GCC_WARN_UNINITIALIZED_AUTOS = YES_AGGRESSIVE;
				GCC_WARN_UNUSED_FUNCTION = YES;
				GCC_WARN_UNUSED_VARIABLE = YES;
				IPHONEOS_DEPLOYMENT_TARGET = 10.0;
				MTL_ENABLE_DEBUG_INFO = INCLUDE_SOURCE;
				MTL_FAST_MATH = YES;
				ONLY_ACTIVE_ARCH = YES;
				SDKROOT = iphoneos;
				SWIFT_ACTIVE_COMPILATION_CONDITIONS = DEBUG;
				SWIFT_OPTIMIZATION_LEVEL = "-Onone";
			};
			name = Debug;
		};
		26F88A522266285900549C30 /* Release */ = {
			isa = XCBuildConfiguration;
			buildSettings = {
				ALWAYS_SEARCH_USER_PATHS = NO;
				CLANG_ANALYZER_NONNULL = YES;
				CLANG_ANALYZER_NUMBER_OBJECT_CONVERSION = YES_AGGRESSIVE;
				CLANG_CXX_LANGUAGE_STANDARD = "gnu++14";
				CLANG_CXX_LIBRARY = "libc++";
				CLANG_ENABLE_MODULES = YES;
				CLANG_ENABLE_OBJC_ARC = YES;
				CLANG_ENABLE_OBJC_WEAK = YES;
				CLANG_WARN_BLOCK_CAPTURE_AUTORELEASING = YES;
				CLANG_WARN_BOOL_CONVERSION = YES;
				CLANG_WARN_COMMA = YES;
				CLANG_WARN_CONSTANT_CONVERSION = YES;
				CLANG_WARN_DEPRECATED_OBJC_IMPLEMENTATIONS = YES;
				CLANG_WARN_DIRECT_OBJC_ISA_USAGE = YES_ERROR;
				CLANG_WARN_DOCUMENTATION_COMMENTS = YES;
				CLANG_WARN_EMPTY_BODY = YES;
				CLANG_WARN_ENUM_CONVERSION = YES;
				CLANG_WARN_INFINITE_RECURSION = YES;
				CLANG_WARN_INT_CONVERSION = YES;
				CLANG_WARN_NON_LITERAL_NULL_CONVERSION = YES;
				CLANG_WARN_OBJC_IMPLICIT_RETAIN_SELF = YES;
				CLANG_WARN_OBJC_LITERAL_CONVERSION = YES;
				CLANG_WARN_OBJC_ROOT_CLASS = YES_ERROR;
				CLANG_WARN_RANGE_LOOP_ANALYSIS = YES;
				CLANG_WARN_STRICT_PROTOTYPES = YES;
				CLANG_WARN_SUSPICIOUS_MOVE = YES;
				CLANG_WARN_UNGUARDED_AVAILABILITY = YES_AGGRESSIVE;
				CLANG_WARN_UNREACHABLE_CODE = YES;
				CLANG_WARN__DUPLICATE_METHOD_MATCH = YES;
				CODE_SIGN_IDENTITY = "iPhone Developer";
				COPY_PHASE_STRIP = NO;
				DEBUG_INFORMATION_FORMAT = "dwarf-with-dsym";
				ENABLE_NS_ASSERTIONS = NO;
				ENABLE_STRICT_OBJC_MSGSEND = YES;
				GCC_C_LANGUAGE_STANDARD = gnu11;
				GCC_NO_COMMON_BLOCKS = YES;
				GCC_WARN_64_TO_32_BIT_CONVERSION = YES;
				GCC_WARN_ABOUT_RETURN_TYPE = YES_ERROR;
				GCC_WARN_UNDECLARED_SELECTOR = YES;
				GCC_WARN_UNINITIALIZED_AUTOS = YES_AGGRESSIVE;
				GCC_WARN_UNUSED_FUNCTION = YES;
				GCC_WARN_UNUSED_VARIABLE = YES;
				IPHONEOS_DEPLOYMENT_TARGET = 10.0;
				MTL_ENABLE_DEBUG_INFO = NO;
				MTL_FAST_MATH = YES;
				SDKROOT = iphoneos;
				SWIFT_COMPILATION_MODE = wholemodule;
				SWIFT_OPTIMIZATION_LEVEL = "-O";
				VALIDATE_PRODUCT = YES;
			};
			name = Release;
		};
		26F88A542266285900549C30 /* Debug */ = {
			isa = XCBuildConfiguration;
			buildSettings = {
				ALWAYS_EMBED_SWIFT_STANDARD_LIBRARIES = YES;
				ASSETCATALOG_COMPILER_APPICON_NAME = AppIcon;
				CODE_SIGN_STYLE = Automatic;
				INFOPLIST_FILE = HyperLabelDemo/Info.plist;
				LD_RUNPATH_SEARCH_PATHS = (
					"$(inherited)",
					"@executable_path/Frameworks",
				);
				PRODUCT_BUNDLE_IDENTIFIER = com.badoo.HyperLabelDemo;
				PRODUCT_NAME = "$(TARGET_NAME)";
				SWIFT_VERSION = 4.2;
				TARGETED_DEVICE_FAMILY = "1,2";
			};
			name = Debug;
		};
		26F88A552266285900549C30 /* Release */ = {
			isa = XCBuildConfiguration;
			buildSettings = {
				ALWAYS_EMBED_SWIFT_STANDARD_LIBRARIES = YES;
				ASSETCATALOG_COMPILER_APPICON_NAME = AppIcon;
				CODE_SIGN_STYLE = Automatic;
				INFOPLIST_FILE = HyperLabelDemo/Info.plist;
				LD_RUNPATH_SEARCH_PATHS = (
					"$(inherited)",
					"@executable_path/Frameworks",
				);
				PRODUCT_BUNDLE_IDENTIFIER = com.badoo.HyperLabelDemo;
				PRODUCT_NAME = "$(TARGET_NAME)";
				SWIFT_VERSION = 4.2;
				TARGETED_DEVICE_FAMILY = "1,2";
			};
			name = Release;
		};
/* End XCBuildConfiguration section */

/* Begin XCConfigurationList section */
		26F88A3C2266285700549C30 /* Build configuration list for PBXProject "HyperLabelDemo" */ = {
			isa = XCConfigurationList;
			buildConfigurations = (
				26F88A512266285900549C30 /* Debug */,
				26F88A522266285900549C30 /* Release */,
			);
			defaultConfigurationIsVisible = 0;
			defaultConfigurationName = Release;
		};
		26F88A532266285900549C30 /* Build configuration list for PBXNativeTarget "HyperLabelDemo" */ = {
			isa = XCConfigurationList;
			buildConfigurations = (
				26F88A542266285900549C30 /* Debug */,
				26F88A552266285900549C30 /* Release */,
			);
			defaultConfigurationIsVisible = 0;
			defaultConfigurationName = Release;
		};
/* End XCConfigurationList section */
	};
	rootObject = 26F88A392266285700549C30 /* Project object */;
}
